
Microsoft Visual Studio Solution File, Format Version 12.00
# Visual Studio Version 16
VisualStudioVersion = 16.0.31613.86
MinimumVisualStudioVersion = 10.0.40219.1
Project("{FAE04EC0-301F-11D3-BF4B-00C04F79EFBC}") = "ASCII art", "ASCII art\ASCII art.csproj", "{5FA57028-7572-45EE-9AD2-3E9F99ACAFB2}"
EndProject
Global
	GlobalSection(SolutionConfigurationPlatforms) = preSolution
		Debug|Any CPU = Debug|Any CPU
		Release|Any CPU = Release|Any CPU
	EndGlobalSection
	GlobalSection(ProjectConfigurationPlatforms) = postSolution
		{5FA57028-7572-45EE-9AD2-3E9F99ACAFB2}.Debug|Any CPU.ActiveCfg = Debug|Any CPU
		{5FA57028-7572-45EE-9AD2-3E9F99ACAFB2}.Debug|Any CPU.Build.0 = Debug|Any CPU
		{5FA57028-7572-45EE-9AD2-3E9F99ACAFB2}.Release|Any CPU.ActiveCfg = Release|Any CPU
		{5FA57028-7572-45EE-9AD2-3E9F99ACAFB2}.Release|Any CPU.Build.0 = Release|Any CPU
	EndGlobalSection
	GlobalSection(SolutionProperties) = preSolution
		HideSolutionNode = FALSE
	EndGlobalSection
	GlobalSection(ExtensibilityGlobals) = postSolution
		SolutionGuid = {46FAA420-F8CD-4542-BCB2-30C90FA8D7EC}
	EndGlobalSection
EndGlobal
